# This file was autogenerated by Stack.
# You should not edit this file by hand.
# For more information, please see the documentation at:
#   https://docs.haskellstack.org/en/stable/lock_files

packages:
- completed:
    hackage: servant-options-0.1.0.0@sha256:39f50166a68006250e79370372f553ca476f14d06d93fa0c401050253aeba803,914
    pantry-tree:
      size: 293
      sha256: 7812baf1b27c62068ba634207fbd7077b886424d666b36739a78c6d4008a1fd4
  original:
    hackage: servant-options-0.1.0.0
- completed:
    hackage: jwt-0.7.2@sha256:b5858c05476741b4dc7f9f075bb8c8aca128ed25a9f325d937d370aa3d4910e1,4073
    pantry-tree:
      size: 978
      sha256: 8e5b90fe8051580276d073ec028eeb2073f993c42ed9db040d73261978687a0b
  original:
    hackage: jwt-0.7.2
snapshots:
- completed:
    size: 498365
    url: https://raw.githubusercontent.com/commercialhaskell/stackage-snapshots/master/lts/13/18.yaml
    sha256: c813b03544da8a9053b722f00f3f9a0aade23443130ac7160fefa89e01f5fb17
  original: lts-13.18
